
Microsoft Visual Studio Solution File, Format Version 12.00
# Visual Studio Version 17
VisualStudioVersion = 17.5.002.0
MinimumVisualStudioVersion = 10.0.40219.1
Project("{9A19103F-16F7-4668-BE54-9A1E7A4F7556}") = "WorkingHoursApp", "WorkingHoursApp.csproj", "{206A715B-067E-43FE-AB81-5E47BFF0E385}"
EndProject
Global
	GlobalSection(SolutionConfigurationPlatforms) = preSolution
		Debug|Any CPU = Debug|Any CPU
		Release|Any CPU = Release|Any CPU
	EndGlobalSection
	GlobalSection(ProjectConfigurationPlatforms) = postSolution
		{206A715B-067E-43FE-AB81-5E47BFF0E385}.Debug|Any CPU.ActiveCfg = Debug|Any CPU
		{206A715B-067E-43FE-AB81-5E47BFF0E385}.Debug|Any CPU.Build.0 = Debug|Any CPU
		{206A715B-067E-43FE-AB81-5E47BFF0E385}.Release|Any CPU.ActiveCfg = Release|Any CPU
		{206A715B-067E-43FE-AB81-5E47BFF0E385}.Release|Any CPU.Build.0 = Release|Any CPU
	EndGlobalSection
	GlobalSection(SolutionProperties) = preSolution
		HideSolutionNode = FALSE
	EndGlobalSection
	GlobalSection(ExtensibilityGlobals) = postSolution
		SolutionGuid = {DED55B6D-D7EC-4A58-824C-17C02D9ED58A}
	EndGlobalSection
EndGlobal
